# THIS IS AN AUTOGENERATED FILE. DO NOT EDIT THIS FILE DIRECTLY.
# yarn lockfile v1


"@adraffy/ens-normalize@1.9.2":
  "integrity" "sha512-0h+FrQDqe2Wn+IIGFkTCd4aAwTJ+7834Ek1COohCyV26AXhwQ7WQaz+4F/nLOeVl/3BtWHOHLPsq46V8YB46Eg=="
  "resolved" "https://registry.npmjs.org/@adraffy/ens-normalize/-/ens-normalize-1.9.2.tgz"
  "version" "1.9.2"

"@babel/runtime@^7.13.10":
  "integrity" "sha512-T0O+aa+4w0u06iNmapipJXMV4HoUir03hpx3/YqXXhu9xim3w+dVphjFWl1OH8NbZHw5Lbm9k45drDkgq2VNNA=="
  "resolved" "https://registry.npmjs.org/@babel/runtime/-/runtime-7.22.15.tgz"
  "version" "7.22.15"
  dependencies:
    "regenerator-runtime" "^0.14.0"

"@floating-ui/core@^1.4.1":
  "integrity" "sha512-jk3WqquEJRlcyu7997NtR5PibI+y5bi+LS3hPmguVClypenMsCY3CBa3LAQnozRCtCrYWSEtAdiskpamuJRFOQ=="
  "resolved" "https://registry.npmjs.org/@floating-ui/core/-/core-1.4.1.tgz"
  "version" "1.4.1"
  dependencies:
    "@floating-ui/utils" "^0.1.1"

"@floating-ui/dom@^1.5.1":
  "integrity" "sha512-6ArmenS6qJEWmwzczWyhvrXRdI/rI78poBcW0h/456+onlabit+2G+QxHx5xTOX60NBJQXjsCLFbW2CmsXpUog=="
  "resolved" "https://registry.npmjs.org/@floating-ui/dom/-/dom-1.5.2.tgz"
  "version" "1.5.2"
  dependencies:
    "@floating-ui/core" "^1.4.1"
    "@floating-ui/utils" "^0.1.1"

"@floating-ui/react-dom@^2.0.0":
  "integrity" "sha512-5qhlDvjaLmAst/rKb3VdlCinwTF4EYMiVxuuc/HVUjs46W0zgtbMmAZ1UTsDrRTxRmUEzl92mOtWbeeXL26lSQ=="
  "resolved" "https://registry.npmjs.org/@floating-ui/react-dom/-/react-dom-2.0.2.tgz"
  "version" "2.0.2"
  dependencies:
    "@floating-ui/dom" "^1.5.1"

"@floating-ui/utils@^0.1.1":
  "integrity" "sha512-ou3elfqG/hZsbmF4bxeJhPHIf3G2pm0ujc39hYEZrfVqt7Vk/Zji6CXc3W0pmYM8BW1g40U+akTl9DKZhFhInQ=="
  "resolved" "https://registry.npmjs.org/@floating-ui/utils/-/utils-0.1.2.tgz"
  "version" "0.1.2"

"@noble/hashes@1.1.2":
  "integrity" "sha512-KYRCASVTv6aeUi1tsF8/vpyR7zpfs3FUzy2Jqm+MU+LmUKhQ0y2FpfwqkCcxSg2ua4GALJd8k2R76WxwZGbQpA=="
  "resolved" "https://registry.npmjs.org/@noble/hashes/-/hashes-1.1.2.tgz"
  "version" "1.1.2"

"@noble/secp256k1@1.7.1":
  "integrity" "sha512-hOUk6AyBFmqVrv7k5WAw/LpszxVbj9gGN4JRkIX52fdFAj1UA61KXmZDvqVEm+pOyec3+fIeZB02LYa/pWOArw=="
  "resolved" "https://registry.npmjs.org/@noble/secp256k1/-/secp256k1-1.7.1.tgz"
  "version" "1.7.1"

"@radix-ui/colors@^2.1.0":
  "integrity" "sha512-gcBnxjS2u2c6thQz/9K1+Pt2ZYcm5WKU4SLi0emYkRmYbVUw+37rlc5wgLtYOsSsRP9nxVtbJJYj6WVO7UUmZg=="
  "resolved" "https://registry.npmjs.org/@radix-ui/colors/-/colors-2.1.0.tgz"
  "version" "2.1.0"

"@radix-ui/number@1.0.1":
  "integrity" "sha512-T5gIdVO2mmPW3NNhjNgEP3cqMXjXL9UbO0BzWcXfvdBs+BohbQxvd/K5hSVKmn9/lbTdsQVKbUcP5WLCwvUbBg=="
  "resolved" "https://registry.npmjs.org/@radix-ui/number/-/number-1.0.1.tgz"
  "version" "1.0.1"
  dependencies:
    "@babel/runtime" "^7.13.10"

"@radix-ui/primitive@^1.0.1", "@radix-ui/primitive@1.0.1":
  "integrity" "sha512-yQ8oGX2GVsEYMWGxcovu1uGWPCxV5BFfeeYxqPmuAzUyLT9qmaMXSAhXpb0WrspIeqYzdJpkh2vHModJPgRIaw=="
  "resolved" "https://registry.npmjs.org/@radix-ui/primitive/-/primitive-1.0.1.tgz"
  "version" "1.0.1"
  dependencies:
    "@babel/runtime" "^7.13.10"

"@radix-ui/react-accessible-icon@^1.0.3":
  "integrity" "sha512-duVGKeWPSUILr/MdlPxV+GeULTc2rS1aihGdQ3N2qCUPMgxYLxvAsHJM3mCVLF8d5eK+ympmB22mb1F3a5biNw=="
  "resolved" "https://registry.npmjs.org/@radix-ui/react-accessible-icon/-/react-accessible-icon-1.0.3.tgz"
  "version" "1.0.3"
  dependencies:
    "@babel/runtime" "^7.13.10"
    "@radix-ui/react-visually-hidden" "1.0.3"

"@radix-ui/react-alert-dialog@^1.0.4":
  "integrity" "sha512-jbfBCRlKYlhbitueOAv7z74PXYeIQmWpKwm3jllsdkw7fGWNkxqP3v0nY9WmOzcPqpQuoorNtvViBgL46n5gVg=="
  "resolved" "https://registry.npmjs.org/@radix-ui/react-alert-dialog/-/react-alert-dialog-1.0.4.tgz"
  "version" "1.0.4"
  dependencies:
    "@babel/runtime" "^7.13.10"
    "@radix-ui/primitive" "1.0.1"
    "@radix-ui/react-compose-refs" "1.0.1"
    "@radix-ui/react-context" "1.0.1"
    "@radix-ui/react-dialog" "1.0.4"
    "@radix-ui/react-primitive" "1.0.3"
    "@radix-ui/react-slot" "1.0.2"

"@radix-ui/react-arrow@1.0.3":
  "integrity" "sha512-wSP+pHsB/jQRaL6voubsQ/ZlrGBHHrOjmBnr19hxYgtS0WvAFwZhK2WP/YY5yF9uKECCEEDGxuLxq1NBK51wFA=="
  "resolved" "https://registry.npmjs.org/@radix-ui/react-arrow/-/react-arrow-1.0.3.tgz"
  "version" "1.0.3"
  dependencies:
    "@babel/runtime" "^7.13.10"
    "@radix-ui/react-primitive" "1.0.3"

"@radix-ui/react-aspect-ratio@^1.0.3":
  "integrity" "sha512-fXR5kbMan9oQqMuacfzlGG/SQMcmMlZ4wrvpckv8SgUulD0MMpspxJrxg/Gp/ISV3JfV1AeSWTYK9GvxA4ySwA=="
  "resolved" "https://registry.npmjs.org/@radix-ui/react-aspect-ratio/-/react-aspect-ratio-1.0.3.tgz"
  "version" "1.0.3"
  dependencies:
    "@babel/runtime" "^7.13.10"
    "@radix-ui/react-primitive" "1.0.3"

"@radix-ui/react-avatar@^1.0.3":
  "integrity" "sha512-9ToF7YNex3Ste45LrAeTlKtONI9yVRt/zOS158iilIkW5K/Apeyb/TUQlcEFTEFvWr8Kzdi2ZYrm1/suiXPajQ=="
  "resolved" "https://registry.npmjs.org/@radix-ui/react-avatar/-/react-avatar-1.0.3.tgz"
  "version" "1.0.3"
  dependencies:
    "@babel/runtime" "^7.13.10"
    "@radix-ui/react-context" "1.0.1"
    "@radix-ui/react-primitive" "1.0.3"
    "@radix-ui/react-use-callback-ref" "1.0.1"
    "@radix-ui/react-use-layout-effect" "1.0.1"

"@radix-ui/react-checkbox@^1.0.4":
  "integrity" "sha512-CBuGQa52aAYnADZVt/KBQzXrwx6TqnlwtcIPGtVt5JkkzQwMOLJjPukimhfKEr4GQNd43C+djUh5Ikopj8pSLg=="
  "resolved" "https://registry.npmjs.org/@radix-ui/react-checkbox/-/react-checkbox-1.0.4.tgz"
  "version" "1.0.4"
  dependencies:
    "@babel/runtime" "^7.13.10"
    "@radix-ui/primitive" "1.0.1"
    "@radix-ui/react-compose-refs" "1.0.1"
    "@radix-ui/react-context" "1.0.1"
    "@radix-ui/react-presence" "1.0.1"
    "@radix-ui/react-primitive" "1.0.3"
    "@radix-ui/react-use-controllable-state" "1.0.1"
    "@radix-ui/react-use-previous" "1.0.1"
    "@radix-ui/react-use-size" "1.0.1"

"@radix-ui/react-collection@1.0.3":
  "integrity" "sha512-3SzW+0PW7yBBoQlT8wNcGtaxaD0XSu0uLUFgrtHY08Acx05TaHaOmVLR73c0j/cqpDy53KBMO7s0dx2wmOIDIA=="
  "resolved" "https://registry.npmjs.org/@radix-ui/react-collection/-/react-collection-1.0.3.tgz"
  "version" "1.0.3"
  dependencies:
    "@babel/runtime" "^7.13.10"
    "@radix-ui/react-compose-refs" "1.0.1"
    "@radix-ui/react-context" "1.0.1"
    "@radix-ui/react-primitive" "1.0.3"
    "@radix-ui/react-slot" "1.0.2"

"@radix-ui/react-compose-refs@1.0.1":
  "integrity" "sha512-fDSBgd44FKHa1FRMU59qBMPFcl2PZE+2nmqunj+BWFyYYjnhIDWL2ItDs3rrbJDQOtzt5nIebLCQc4QRfz6LJw=="
  "resolved" "https://registry.npmjs.org/@radix-ui/react-compose-refs/-/react-compose-refs-1.0.1.tgz"
  "version" "1.0.1"
  dependencies:
    "@babel/runtime" "^7.13.10"

"@radix-ui/react-context-menu@^2.1.4":
  "integrity" "sha512-HVHLUtZOBiR2Fh5l07qQ9y0IgX4dGZF0S9Gwdk4CVA+DL9afSphvFNa4nRiw6RNgb6quwLV4dLPF/gFDvNaOcQ=="
  "resolved" "https://registry.npmjs.org/@radix-ui/react-context-menu/-/react-context-menu-2.1.4.tgz"
  "version" "2.1.4"
  dependencies:
    "@babel/runtime" "^7.13.10"
    "@radix-ui/primitive" "1.0.1"
    "@radix-ui/react-context" "1.0.1"
    "@radix-ui/react-menu" "2.0.5"
    "@radix-ui/react-primitive" "1.0.3"
    "@radix-ui/react-use-callback-ref" "1.0.1"
    "@radix-ui/react-use-controllable-state" "1.0.1"

"@radix-ui/react-context@1.0.1":
  "integrity" "sha512-ebbrdFoYTcuZ0v4wG5tedGnp9tzcV8awzsxYph7gXUyvnNLuTIcCk1q17JEbnVhXAKG9oX3KtchwiMIAYp9NLg=="
  "resolved" "https://registry.npmjs.org/@radix-ui/react-context/-/react-context-1.0.1.tgz"
  "version" "1.0.1"
  dependencies:
    "@babel/runtime" "^7.13.10"

"@radix-ui/react-dialog@^1.0.4", "@radix-ui/react-dialog@1.0.4":
  "integrity" "sha512-hJtRy/jPULGQZceSAP2Re6/4NpKo8im6V8P2hUqZsdFiSL8l35kYsw3qbRI6Ay5mQd2+wlLqje770eq+RJ3yZg=="
  "resolved" "https://registry.npmjs.org/@radix-ui/react-dialog/-/react-dialog-1.0.4.tgz"
  "version" "1.0.4"
  dependencies:
    "@babel/runtime" "^7.13.10"
    "@radix-ui/primitive" "1.0.1"
    "@radix-ui/react-compose-refs" "1.0.1"
    "@radix-ui/react-context" "1.0.1"
    "@radix-ui/react-dismissable-layer" "1.0.4"
    "@radix-ui/react-focus-guards" "1.0.1"
    "@radix-ui/react-focus-scope" "1.0.3"
    "@radix-ui/react-id" "1.0.1"
    "@radix-ui/react-portal" "1.0.3"
    "@radix-ui/react-presence" "1.0.1"
    "@radix-ui/react-primitive" "1.0.3"
    "@radix-ui/react-slot" "1.0.2"
    "@radix-ui/react-use-controllable-state" "1.0.1"
    "aria-hidden" "^1.1.1"
    "react-remove-scroll" "2.5.5"

"@radix-ui/react-direction@^1.0.1", "@radix-ui/react-direction@1.0.1":
  "integrity" "sha512-RXcvnXgyvYvBEOhCBuddKecVkoMiI10Jcm5cTI7abJRAHYfFxeu+FBQs/DvdxSYucxR5mna0dNsL6QFlds5TMA=="
  "resolved" "https://registry.npmjs.org/@radix-ui/react-direction/-/react-direction-1.0.1.tgz"
  "version" "1.0.1"
  dependencies:
    "@babel/runtime" "^7.13.10"

"@radix-ui/react-dismissable-layer@1.0.4":
  "integrity" "sha512-7UpBa/RKMoHJYjie1gkF1DlK8l1fdU/VKDpoS3rCCo8YBJR294GwcEHyxHw72yvphJ7ld0AXEcSLAzY2F/WyCg=="
  "resolved" "https://registry.npmjs.org/@radix-ui/react-dismissable-layer/-/react-dismissable-layer-1.0.4.tgz"
  "version" "1.0.4"
  dependencies:
    "@babel/runtime" "^7.13.10"
    "@radix-ui/primitive" "1.0.1"
    "@radix-ui/react-compose-refs" "1.0.1"
    "@radix-ui/react-primitive" "1.0.3"
    "@radix-ui/react-use-callback-ref" "1.0.1"
    "@radix-ui/react-use-escape-keydown" "1.0.3"

"@radix-ui/react-dropdown-menu@^2.0.5":
  "integrity" "sha512-xdOrZzOTocqqkCkYo8yRPCib5OkTkqN7lqNCdxwPOdE466DOaNl4N8PkUIlsXthQvW5Wwkd+aEmWpfWlBoDPEw=="
  "resolved" "https://registry.npmjs.org/@radix-ui/react-dropdown-menu/-/react-dropdown-menu-2.0.5.tgz"
  "version" "2.0.5"
  dependencies:
    "@babel/runtime" "^7.13.10"
    "@radix-ui/primitive" "1.0.1"
    "@radix-ui/react-compose-refs" "1.0.1"
    "@radix-ui/react-context" "1.0.1"
    "@radix-ui/react-id" "1.0.1"
    "@radix-ui/react-menu" "2.0.5"
    "@radix-ui/react-primitive" "1.0.3"
    "@radix-ui/react-use-controllable-state" "1.0.1"

"@radix-ui/react-focus-guards@1.0.1":
  "integrity" "sha512-Rect2dWbQ8waGzhMavsIbmSVCgYxkXLxxR3ZvCX79JOglzdEy4JXMb98lq4hPxUbLr77nP0UOGf4rcMU+s1pUA=="
  "resolved" "https://registry.npmjs.org/@radix-ui/react-focus-guards/-/react-focus-guards-1.0.1.tgz"
  "version" "1.0.1"
  dependencies:
    "@babel/runtime" "^7.13.10"

"@radix-ui/react-focus-scope@1.0.3":
  "integrity" "sha512-upXdPfqI4islj2CslyfUBNlaJCPybbqRHAi1KER7Isel9Q2AtSJ0zRBZv8mWQiFXD2nyAJ4BhC3yXgZ6kMBSrQ=="
  "resolved" "https://registry.npmjs.org/@radix-ui/react-focus-scope/-/react-focus-scope-1.0.3.tgz"
  "version" "1.0.3"
  dependencies:
    "@babel/runtime" "^7.13.10"
    "@radix-ui/react-compose-refs" "1.0.1"
    "@radix-ui/react-primitive" "1.0.3"
    "@radix-ui/react-use-callback-ref" "1.0.1"

"@radix-ui/react-form@^0.0.3":
  "integrity" "sha512-kgE+Z/haV6fxE5WqIXj05KkaXa3OkZASoTDy25yX2EIp/x0c54rOH/vFr5nOZTg7n7T1z8bSyXmiVIFP9bbhPQ=="
  "resolved" "https://registry.npmjs.org/@radix-ui/react-form/-/react-form-0.0.3.tgz"
  "version" "0.0.3"
  dependencies:
    "@babel/runtime" "^7.13.10"
    "@radix-ui/primitive" "1.0.1"
    "@radix-ui/react-compose-refs" "1.0.1"
    "@radix-ui/react-context" "1.0.1"
    "@radix-ui/react-id" "1.0.1"
    "@radix-ui/react-label" "2.0.2"
    "@radix-ui/react-primitive" "1.0.3"

"@radix-ui/react-hover-card@^1.0.6":
  "integrity" "sha512-2K3ToJuMk9wjwBOa+jdg2oPma+AmLdcEyTNsG/iC4BDVG3E0/mGCjbY8PEDSLxJcUi+nJi2QII+ec/4kWd88DA=="
  "resolved" "https://registry.npmjs.org/@radix-ui/react-hover-card/-/react-hover-card-1.0.6.tgz"
  "version" "1.0.6"
  dependencies:
    "@babel/runtime" "^7.13.10"
    "@radix-ui/primitive" "1.0.1"
    "@radix-ui/react-compose-refs" "1.0.1"
    "@radix-ui/react-context" "1.0.1"
    "@radix-ui/react-dismissable-layer" "1.0.4"
    "@radix-ui/react-popper" "1.1.2"
    "@radix-ui/react-portal" "1.0.3"
    "@radix-ui/react-presence" "1.0.1"
    "@radix-ui/react-primitive" "1.0.3"
    "@radix-ui/react-use-controllable-state" "1.0.1"

"@radix-ui/react-id@1.0.1":
  "integrity" "sha512-tI7sT/kqYp8p96yGWY1OAnLHrqDgzHefRBKQ2YAkBS5ja7QLcZ9Z/uY7bEjPUatf8RomoXM8/1sMj1IJaE5UzQ=="
  "resolved" "https://registry.npmjs.org/@radix-ui/react-id/-/react-id-1.0.1.tgz"
  "version" "1.0.1"
  dependencies:
    "@babel/runtime" "^7.13.10"
    "@radix-ui/react-use-layout-effect" "1.0.1"

"@radix-ui/react-label@2.0.2":
  "integrity" "sha512-N5ehvlM7qoTLx7nWPodsPYPgMzA5WM8zZChQg8nyFJKnDO5WHdba1vv5/H6IO5LtJMfD2Q3wh1qHFGNtK0w3bQ=="
  "resolved" "https://registry.npmjs.org/@radix-ui/react-label/-/react-label-2.0.2.tgz"
  "version" "2.0.2"
  dependencies:
    "@babel/runtime" "^7.13.10"
    "@radix-ui/react-primitive" "1.0.3"

"@radix-ui/react-menu@2.0.5":
  "integrity" "sha512-Gw4f9pwdH+w5w+49k0gLjN0PfRDHvxmAgG16AbyJZ7zhwZ6PBHKtWohvnSwfusfnK3L68dpBREHpVkj8wEM7ZA=="
  "resolved" "https://registry.npmjs.org/@radix-ui/react-menu/-/react-menu-2.0.5.tgz"
  "version" "2.0.5"
  dependencies:
    "@babel/runtime" "^7.13.10"
    "@radix-ui/primitive" "1.0.1"
    "@radix-ui/react-collection" "1.0.3"
    "@radix-ui/react-compose-refs" "1.0.1"
    "@radix-ui/react-context" "1.0.1"
    "@radix-ui/react-direction" "1.0.1"
    "@radix-ui/react-dismissable-layer" "1.0.4"
    "@radix-ui/react-focus-guards" "1.0.1"
    "@radix-ui/react-focus-scope" "1.0.3"
    "@radix-ui/react-id" "1.0.1"
    "@radix-ui/react-popper" "1.1.2"
    "@radix-ui/react-portal" "1.0.3"
    "@radix-ui/react-presence" "1.0.1"
    "@radix-ui/react-primitive" "1.0.3"
    "@radix-ui/react-roving-focus" "1.0.4"
    "@radix-ui/react-slot" "1.0.2"
    "@radix-ui/react-use-callback-ref" "1.0.1"
    "aria-hidden" "^1.1.1"
    "react-remove-scroll" "2.5.5"

"@radix-ui/react-popover@^1.0.6":
  "integrity" "sha512-cZ4defGpkZ0qTRtlIBzJLSzL6ht7ofhhW4i1+pkemjV1IKXm0wgCRnee154qlV6r9Ttunmh2TNZhMfV2bavUyA=="
  "resolved" "https://registry.npmjs.org/@radix-ui/react-popover/-/react-popover-1.0.6.tgz"
  "version" "1.0.6"
  dependencies:
    "@babel/runtime" "^7.13.10"
    "@radix-ui/primitive" "1.0.1"
    "@radix-ui/react-compose-refs" "1.0.1"
    "@radix-ui/react-context" "1.0.1"
    "@radix-ui/react-dismissable-layer" "1.0.4"
    "@radix-ui/react-focus-guards" "1.0.1"
    "@radix-ui/react-focus-scope" "1.0.3"
    "@radix-ui/react-id" "1.0.1"
    "@radix-ui/react-popper" "1.1.2"
    "@radix-ui/react-portal" "1.0.3"
    "@radix-ui/react-presence" "1.0.1"
    "@radix-ui/react-primitive" "1.0.3"
    "@radix-ui/react-slot" "1.0.2"
    "@radix-ui/react-use-controllable-state" "1.0.1"
    "aria-hidden" "^1.1.1"
    "react-remove-scroll" "2.5.5"

"@radix-ui/react-popper@1.1.2":
  "integrity" "sha512-1CnGGfFi/bbqtJZZ0P/NQY20xdG3E0LALJaLUEoKwPLwl6PPPfbeiCqMVQnhoFRAxjJj4RpBRJzDmUgsex2tSg=="
  "resolved" "https://registry.npmjs.org/@radix-ui/react-popper/-/react-popper-1.1.2.tgz"
  "version" "1.1.2"
  dependencies:
    "@babel/runtime" "^7.13.10"
    "@floating-ui/react-dom" "^2.0.0"
    "@radix-ui/react-arrow" "1.0.3"
    "@radix-ui/react-compose-refs" "1.0.1"
    "@radix-ui/react-context" "1.0.1"
    "@radix-ui/react-primitive" "1.0.3"
    "@radix-ui/react-use-callback-ref" "1.0.1"
    "@radix-ui/react-use-layout-effect" "1.0.1"
    "@radix-ui/react-use-rect" "1.0.1"
    "@radix-ui/react-use-size" "1.0.1"
    "@radix-ui/rect" "1.0.1"

"@radix-ui/react-portal@^1.0.3", "@radix-ui/react-portal@1.0.3":
  "integrity" "sha512-xLYZeHrWoPmA5mEKEfZZevoVRK/Q43GfzRXkWV6qawIWWK8t6ifIiLQdd7rmQ4Vk1bmI21XhqF9BN3jWf+phpA=="
  "resolved" "https://registry.npmjs.org/@radix-ui/react-portal/-/react-portal-1.0.3.tgz"
  "version" "1.0.3"
  dependencies:
    "@babel/runtime" "^7.13.10"
    "@radix-ui/react-primitive" "1.0.3"

"@radix-ui/react-presence@1.0.1":
  "integrity" "sha512-UXLW4UAbIY5ZjcvzjfRFo5gxva8QirC9hF7wRE4U5gz+TP0DbRk+//qyuAQ1McDxBt1xNMBTaciFGvEmJvAZCg=="
  "resolved" "https://registry.npmjs.org/@radix-ui/react-presence/-/react-presence-1.0.1.tgz"
  "version" "1.0.1"
  dependencies:
    "@babel/runtime" "^7.13.10"
    "@radix-ui/react-compose-refs" "1.0.1"
    "@radix-ui/react-use-layout-effect" "1.0.1"

"@radix-ui/react-primitive@1.0.3":
  "integrity" "sha512-yi58uVyoAcK/Nq1inRY56ZSjKypBNKTa/1mcL8qdl6oJeEaDbOldlzrGn7P6Q3Id5d+SYNGc5AJgc4vGhjs5+g=="
  "resolved" "https://registry.npmjs.org/@radix-ui/react-primitive/-/react-primitive-1.0.3.tgz"
  "version" "1.0.3"
  dependencies:
    "@babel/runtime" "^7.13.10"
    "@radix-ui/react-slot" "1.0.2"

"@radix-ui/react-radio-group@^1.1.3":
  "integrity" "sha512-x+yELayyefNeKeTx4fjK6j99Fs6c4qKm3aY38G3swQVTN6xMpsrbigC0uHs2L//g8q4qR7qOcww8430jJmi2ag=="
  "resolved" "https://registry.npmjs.org/@radix-ui/react-radio-group/-/react-radio-group-1.1.3.tgz"
  "version" "1.1.3"
  dependencies:
    "@babel/runtime" "^7.13.10"
    "@radix-ui/primitive" "1.0.1"
    "@radix-ui/react-compose-refs" "1.0.1"
    "@radix-ui/react-context" "1.0.1"
    "@radix-ui/react-direction" "1.0.1"
    "@radix-ui/react-presence" "1.0.1"
    "@radix-ui/react-primitive" "1.0.3"
    "@radix-ui/react-roving-focus" "1.0.4"
    "@radix-ui/react-use-controllable-state" "1.0.1"
    "@radix-ui/react-use-previous" "1.0.1"
    "@radix-ui/react-use-size" "1.0.1"

"@radix-ui/react-roving-focus@1.0.4":
  "integrity" "sha512-2mUg5Mgcu001VkGy+FfzZyzbmuUWzgWkj3rvv4yu+mLw03+mTzbxZHvfcGyFp2b8EkQeMkpRQ5FiA2Vr2O6TeQ=="
  "resolved" "https://registry.npmjs.org/@radix-ui/react-roving-focus/-/react-roving-focus-1.0.4.tgz"
  "version" "1.0.4"
  dependencies:
    "@babel/runtime" "^7.13.10"
    "@radix-ui/primitive" "1.0.1"
    "@radix-ui/react-collection" "1.0.3"
    "@radix-ui/react-compose-refs" "1.0.1"
    "@radix-ui/react-context" "1.0.1"
    "@radix-ui/react-direction" "1.0.1"
    "@radix-ui/react-id" "1.0.1"
    "@radix-ui/react-primitive" "1.0.3"
    "@radix-ui/react-use-callback-ref" "1.0.1"
    "@radix-ui/react-use-controllable-state" "1.0.1"

"@radix-ui/react-scroll-area@^1.0.4":
  "integrity" "sha512-OIClwBkwPG+FKvC4OMTRaa/3cfD069nkKFFL/TQzRzaO42Ce5ivKU9VMKgT7UU6UIkjcQqKBrDOIzWtPGw6e6w=="
  "resolved" "https://registry.npmjs.org/@radix-ui/react-scroll-area/-/react-scroll-area-1.0.4.tgz"
  "version" "1.0.4"
  dependencies:
    "@babel/runtime" "^7.13.10"
    "@radix-ui/number" "1.0.1"
    "@radix-ui/primitive" "1.0.1"
    "@radix-ui/react-compose-refs" "1.0.1"
    "@radix-ui/react-context" "1.0.1"
    "@radix-ui/react-direction" "1.0.1"
    "@radix-ui/react-presence" "1.0.1"
    "@radix-ui/react-primitive" "1.0.3"
    "@radix-ui/react-use-callback-ref" "1.0.1"
    "@radix-ui/react-use-layout-effect" "1.0.1"

"@radix-ui/react-select@^1.2.2":
  "integrity" "sha512-zI7McXr8fNaSrUY9mZe4x/HC0jTLY9fWNhO1oLWYMQGDXuV4UCivIGTxwioSzO0ZCYX9iSLyWmAh/1TOmX3Cnw=="
  "resolved" "https://registry.npmjs.org/@radix-ui/react-select/-/react-select-1.2.2.tgz"
  "version" "1.2.2"
  dependencies:
    "@babel/runtime" "^7.13.10"
    "@radix-ui/number" "1.0.1"
    "@radix-ui/primitive" "1.0.1"
    "@radix-ui/react-collection" "1.0.3"
    "@radix-ui/react-compose-refs" "1.0.1"
    "@radix-ui/react-context" "1.0.1"
    "@radix-ui/react-direction" "1.0.1"
    "@radix-ui/react-dismissable-layer" "1.0.4"
    "@radix-ui/react-focus-guards" "1.0.1"
    "@radix-ui/react-focus-scope" "1.0.3"
    "@radix-ui/react-id" "1.0.1"
    "@radix-ui/react-popper" "1.1.2"
    "@radix-ui/react-portal" "1.0.3"
    "@radix-ui/react-primitive" "1.0.3"
    "@radix-ui/react-slot" "1.0.2"
    "@radix-ui/react-use-callback-ref" "1.0.1"
    "@radix-ui/react-use-controllable-state" "1.0.1"
    "@radix-ui/react-use-layout-effect" "1.0.1"
    "@radix-ui/react-use-previous" "1.0.1"
    "@radix-ui/react-visually-hidden" "1.0.3"
    "aria-hidden" "^1.1.1"
    "react-remove-scroll" "2.5.5"

"@radix-ui/react-separator@^1.0.3":
  "integrity" "sha512-itYmTy/kokS21aiV5+Z56MZB54KrhPgn6eHDKkFeOLR34HMN2s8PaN47qZZAGnvupcjxHaFZnW4pQEh0BvvVuw=="
  "resolved" "https://registry.npmjs.org/@radix-ui/react-separator/-/react-separator-1.0.3.tgz"
  "version" "1.0.3"
  dependencies:
    "@babel/runtime" "^7.13.10"
    "@radix-ui/react-primitive" "1.0.3"

"@radix-ui/react-slider@^1.1.2":
  "integrity" "sha512-NKs15MJylfzVsCagVSWKhGGLNR1W9qWs+HtgbmjjVUB3B9+lb3PYoXxVju3kOrpf0VKyVCtZp+iTwVoqpa1Chw=="
  "resolved" "https://registry.npmjs.org/@radix-ui/react-slider/-/react-slider-1.1.2.tgz"
  "version" "1.1.2"
  dependencies:
    "@babel/runtime" "^7.13.10"
    "@radix-ui/number" "1.0.1"
    "@radix-ui/primitive" "1.0.1"
    "@radix-ui/react-collection" "1.0.3"
    "@radix-ui/react-compose-refs" "1.0.1"
    "@radix-ui/react-context" "1.0.1"
    "@radix-ui/react-direction" "1.0.1"
    "@radix-ui/react-primitive" "1.0.3"
    "@radix-ui/react-use-controllable-state" "1.0.1"
    "@radix-ui/react-use-layout-effect" "1.0.1"
    "@radix-ui/react-use-previous" "1.0.1"
    "@radix-ui/react-use-size" "1.0.1"

"@radix-ui/react-slot@^1.0.2", "@radix-ui/react-slot@1.0.2":
  "integrity" "sha512-YeTpuq4deV+6DusvVUW4ivBgnkHwECUu0BiN43L5UCDFgdhsRUWAghhTF5MbvNTPzmiFOx90asDSUjWuCNapwg=="
  "resolved" "https://registry.npmjs.org/@radix-ui/react-slot/-/react-slot-1.0.2.tgz"
  "version" "1.0.2"
  dependencies:
    "@babel/runtime" "^7.13.10"
    "@radix-ui/react-compose-refs" "1.0.1"

"@radix-ui/react-switch@^1.0.3":
  "integrity" "sha512-mxm87F88HyHztsI7N+ZUmEoARGkC22YVW5CaC+Byc+HRpuvCrOBPTAnXgf+tZ/7i0Sg/eOePGdMhUKhPaQEqow=="
  "resolved" "https://registry.npmjs.org/@radix-ui/react-switch/-/react-switch-1.0.3.tgz"
  "version" "1.0.3"
  dependencies:
    "@babel/runtime" "^7.13.10"
    "@radix-ui/primitive" "1.0.1"
    "@radix-ui/react-compose-refs" "1.0.1"
    "@radix-ui/react-context" "1.0.1"
    "@radix-ui/react-primitive" "1.0.3"
    "@radix-ui/react-use-controllable-state" "1.0.1"
    "@radix-ui/react-use-previous" "1.0.1"
    "@radix-ui/react-use-size" "1.0.1"

"@radix-ui/react-tabs@^1.0.4":
  "integrity" "sha512-egZfYY/+wRNCflXNHx+dePvnz9FbmssDTJBtgRfDY7e8SE5oIo3Py2eCB1ckAbh1Q7cQ/6yJZThJ++sgbxibog=="
  "resolved" "https://registry.npmjs.org/@radix-ui/react-tabs/-/react-tabs-1.0.4.tgz"
  "version" "1.0.4"
  dependencies:
    "@babel/runtime" "^7.13.10"
    "@radix-ui/primitive" "1.0.1"
    "@radix-ui/react-context" "1.0.1"
    "@radix-ui/react-direction" "1.0.1"
    "@radix-ui/react-id" "1.0.1"
    "@radix-ui/react-presence" "1.0.1"
    "@radix-ui/react-primitive" "1.0.3"
    "@radix-ui/react-roving-focus" "1.0.4"
    "@radix-ui/react-use-controllable-state" "1.0.1"

"@radix-ui/react-tooltip@^1.0.6":
  "integrity" "sha512-DmNFOiwEc2UDigsYj6clJENma58OelxD24O4IODoZ+3sQc3Zb+L8w1EP+y9laTuKCLAysPw4fD6/v0j4KNV8rg=="
  "resolved" "https://registry.npmjs.org/@radix-ui/react-tooltip/-/react-tooltip-1.0.6.tgz"
  "version" "1.0.6"
  dependencies:
    "@babel/runtime" "^7.13.10"
    "@radix-ui/primitive" "1.0.1"
    "@radix-ui/react-compose-refs" "1.0.1"
    "@radix-ui/react-context" "1.0.1"
    "@radix-ui/react-dismissable-layer" "1.0.4"
    "@radix-ui/react-id" "1.0.1"
    "@radix-ui/react-popper" "1.1.2"
    "@radix-ui/react-portal" "1.0.3"
    "@radix-ui/react-presence" "1.0.1"
    "@radix-ui/react-primitive" "1.0.3"
    "@radix-ui/react-slot" "1.0.2"
    "@radix-ui/react-use-controllable-state" "1.0.1"
    "@radix-ui/react-visually-hidden" "1.0.3"

"@radix-ui/react-use-callback-ref@1.0.1":
  "integrity" "sha512-D94LjX4Sp0xJFVaoQOd3OO9k7tpBYNOXdVhkltUbGv2Qb9OXdrg/CpsjlZv7ia14Sylv398LswWBVVu5nqKzAQ=="
  "resolved" "https://registry.npmjs.org/@radix-ui/react-use-callback-ref/-/react-use-callback-ref-1.0.1.tgz"
  "version" "1.0.1"
  dependencies:
    "@babel/runtime" "^7.13.10"

"@radix-ui/react-use-controllable-state@1.0.1":
  "integrity" "sha512-Svl5GY5FQeN758fWKrjM6Qb7asvXeiZltlT4U2gVfl8Gx5UAv2sMR0LWo8yhsIZh2oQ0eFdZ59aoOOMV7b47VA=="
  "resolved" "https://registry.npmjs.org/@radix-ui/react-use-controllable-state/-/react-use-controllable-state-1.0.1.tgz"
  "version" "1.0.1"
  dependencies:
    "@babel/runtime" "^7.13.10"
    "@radix-ui/react-use-callback-ref" "1.0.1"

"@radix-ui/react-use-escape-keydown@1.0.3":
  "integrity" "sha512-vyL82j40hcFicA+M4Ex7hVkB9vHgSse1ZWomAqV2Je3RleKGO5iM8KMOEtfoSB0PnIelMd2lATjTGMYqN5ylTg=="
  "resolved" "https://registry.npmjs.org/@radix-ui/react-use-escape-keydown/-/react-use-escape-keydown-1.0.3.tgz"
  "version" "1.0.3"
  dependencies:
    "@babel/runtime" "^7.13.10"
    "@radix-ui/react-use-callback-ref" "1.0.1"

"@radix-ui/react-use-layout-effect@1.0.1":
  "integrity" "sha512-v/5RegiJWYdoCvMnITBkNNx6bCj20fiaJnWtRkU18yITptraXjffz5Qbn05uOiQnOvi+dbkznkoaMltz1GnszQ=="
  "resolved" "https://registry.npmjs.org/@radix-ui/react-use-layout-effect/-/react-use-layout-effect-1.0.1.tgz"
  "version" "1.0.1"
  dependencies:
    "@babel/runtime" "^7.13.10"

"@radix-ui/react-use-previous@1.0.1":
  "integrity" "sha512-cV5La9DPwiQ7S0gf/0qiD6YgNqM5Fk97Kdrlc5yBcrF3jyEZQwm7vYFqMo4IfeHgJXsRaMvLABFtd0OVEmZhDw=="
  "resolved" "https://registry.npmjs.org/@radix-ui/react-use-previous/-/react-use-previous-1.0.1.tgz"
  "version" "1.0.1"
  dependencies:
    "@babel/runtime" "^7.13.10"

"@radix-ui/react-use-rect@1.0.1":
  "integrity" "sha512-Cq5DLuSiuYVKNU8orzJMbl15TXilTnJKUCltMVQg53BQOF1/C5toAaGrowkgksdBQ9H+SRL23g0HDmg9tvmxXw=="
  "resolved" "https://registry.npmjs.org/@radix-ui/react-use-rect/-/react-use-rect-1.0.1.tgz"
  "version" "1.0.1"
  dependencies:
    "@babel/runtime" "^7.13.10"
    "@radix-ui/rect" "1.0.1"

"@radix-ui/react-use-size@1.0.1":
  "integrity" "sha512-ibay+VqrgcaI6veAojjofPATwledXiSmX+C0KrBk/xgpX9rBzPV3OsfwlhQdUOFbh+LKQorLYT+xTXW9V8yd0g=="
  "resolved" "https://registry.npmjs.org/@radix-ui/react-use-size/-/react-use-size-1.0.1.tgz"
  "version" "1.0.1"
  dependencies:
    "@babel/runtime" "^7.13.10"
    "@radix-ui/react-use-layout-effect" "1.0.1"

"@radix-ui/react-visually-hidden@^1.0.3", "@radix-ui/react-visually-hidden@1.0.3":
  "integrity" "sha512-D4w41yN5YRKtu464TLnByKzMDG/JlMPHtfZgQAu9v6mNakUqGUI9vUrfQKz8NK41VMm/xbZbh76NUTVtIYqOMA=="
  "resolved" "https://registry.npmjs.org/@radix-ui/react-visually-hidden/-/react-visually-hidden-1.0.3.tgz"
  "version" "1.0.3"
  dependencies:
    "@babel/runtime" "^7.13.10"
    "@radix-ui/react-primitive" "1.0.3"

"@radix-ui/rect@1.0.1":
  "integrity" "sha512-fyrgCaedtvMg9NK3en0pnOYJdtfwxUcNolezkNPUsoX57X8oQk+NkqcvzHXD2uKNij6GXmWU9NDru2IWjrO4BQ=="
  "resolved" "https://registry.npmjs.org/@radix-ui/rect/-/rect-1.0.1.tgz"
  "version" "1.0.1"
  dependencies:
    "@babel/runtime" "^7.13.10"

"@radix-ui/themes@^1.1.2":
  "integrity" "sha512-VnNeanSxHQurSgwQe5Z3zNZP5SrwhRY+RW97FPZe7TOJGpa+rpDHLDR9vourSsEGxsgrtTXHJaoII1pyIXDi8A=="
  "resolved" "https://registry.npmjs.org/@radix-ui/themes/-/themes-1.1.2.tgz"
  "version" "1.1.2"
  dependencies:
    "@radix-ui/colors" "^2.1.0"
    "@radix-ui/primitive" "^1.0.1"
    "@radix-ui/react-accessible-icon" "^1.0.3"
    "@radix-ui/react-alert-dialog" "^1.0.4"
    "@radix-ui/react-aspect-ratio" "^1.0.3"
    "@radix-ui/react-avatar" "^1.0.3"
    "@radix-ui/react-checkbox" "^1.0.4"
    "@radix-ui/react-context-menu" "^2.1.4"
    "@radix-ui/react-dialog" "^1.0.4"
    "@radix-ui/react-direction" "^1.0.1"
    "@radix-ui/react-dropdown-menu" "^2.0.5"
    "@radix-ui/react-form" "^0.0.3"
    "@radix-ui/react-hover-card" "^1.0.6"
    "@radix-ui/react-popover" "^1.0.6"
    "@radix-ui/react-portal" "^1.0.3"
    "@radix-ui/react-radio-group" "^1.1.3"
    "@radix-ui/react-scroll-area" "^1.0.4"
    "@radix-ui/react-select" "^1.2.2"
    "@radix-ui/react-separator" "^1.0.3"
    "@radix-ui/react-slider" "^1.1.2"
    "@radix-ui/react-slot" "^1.0.2"
    "@radix-ui/react-switch" "^1.0.3"
    "@radix-ui/react-tabs" "^1.0.4"
    "@radix-ui/react-tooltip" "^1.0.6"
    "@radix-ui/react-visually-hidden" "^1.0.3"
    "classnames" "^2.3.2"

"@types/node@18.15.13":
  "integrity" "sha512-N+0kuo9KgrUQ1Sn/ifDXsvg0TTleP7rIy4zOBGECxAljqvqfqpTfzx0Q1NUedOixRMBfe2Whhb056a42cWs26Q=="
  "resolved" "https://registry.npmjs.org/@types/node/-/node-18.15.13.tgz"
  "version" "18.15.13"

"aes-js@4.0.0-beta.5":
  "integrity" "sha512-G965FqalsNyrPqgEGON7nIx1e/OVENSgiEIzyC63haUMuvNnwIgIjMs52hlTCKhkBny7A2ORNlfY9Zu+jmGk1Q=="
  "resolved" "https://registry.npmjs.org/aes-js/-/aes-js-4.0.0-beta.5.tgz"
  "version" "4.0.0-beta.5"

"aria-hidden@^1.1.1":
  "integrity" "sha512-xcLxITLe2HYa1cnYnwCjkOO1PqUHQpozB8x9AR0OgWN2woOBi5kSDVxKfd0b7sb1hw5qFeJhXm9H1nu3xSfLeQ=="
  "resolved" "https://registry.npmjs.org/aria-hidden/-/aria-hidden-1.2.3.tgz"
  "version" "1.2.3"
  dependencies:
    "tslib" "^2.0.0"

"classnames@^2.3.2":
  "integrity" "sha512-CSbhY4cFEJRe6/GQzIk5qXZ4Jeg5pcsP7b5peFSDpffpe1cqjASH/n9UTjBwOp6XpMSTwQ8Za2K5V02ueA7Tmw=="
  "resolved" "https://registry.npmjs.org/classnames/-/classnames-2.3.2.tgz"
  "version" "2.3.2"

"detect-node-es@^1.1.0":
  "integrity" "sha512-ypdmJU/TbBby2Dxibuv7ZLW3Bs1QEmM7nHjEANfohJLvE0XVujisn1qPJcZxg+qDucsr+bP6fLD1rPS3AhJ7EQ=="
  "resolved" "https://registry.npmjs.org/detect-node-es/-/detect-node-es-1.1.0.tgz"
  "version" "1.1.0"

"ethers@^6.7.1":
  "integrity" "sha512-qX5kxIFMfg1i+epfgb0xF4WM7IqapIIu50pOJ17aebkxxa4BacW5jFrQRmCJpDEg2ZK2oNtR5QjrQ1WDBF29dA=="
  "resolved" "https://registry.npmjs.org/ethers/-/ethers-6.7.1.tgz"
  "version" "6.7.1"
  dependencies:
    "@adraffy/ens-normalize" "1.9.2"
    "@noble/hashes" "1.1.2"
    "@noble/secp256k1" "1.7.1"
    "@types/node" "18.15.13"
    "aes-js" "4.0.0-beta.5"
    "tslib" "2.4.0"
    "ws" "8.5.0"

"get-nonce@^1.0.0":
  "integrity" "sha512-FJhYRoDaiatfEkUK8HKlicmu/3SGFD51q3itKDGoSTysQJBnfOcxU5GxnhE1E6soB76MbT0MBtnKJuXyAx+96Q=="
  "resolved" "https://registry.npmjs.org/get-nonce/-/get-nonce-1.0.1.tgz"
  "version" "1.0.1"

"invariant@^2.2.4":
  "integrity" "sha512-phJfQVBuaJM5raOpJjSfkiD6BpbCE4Ns//LaXl6wGYtUBY83nWS6Rf9tXm2e8VaK60JEjYldbPif/A2B1C2gNA=="
  "resolved" "https://registry.npmjs.org/invariant/-/invariant-2.2.4.tgz"
  "version" "2.2.4"
  dependencies:
    "loose-envify" "^1.0.0"

"js-tokens@^3.0.0 || ^4.0.0":
  "integrity" "sha512-RdJUflcE3cUzKiMqQgsCu06FPu9UdIJO0beYbPhHN4k6apgJtifcoCtT9bcxOpYBtpD2kCM6Sbzg4CausW/PKQ=="
  "resolved" "https://registry.npmjs.org/js-tokens/-/js-tokens-4.0.0.tgz"
  "version" "4.0.0"

"loose-envify@^1.0.0", "loose-envify@^1.1.0":
  "integrity" "sha512-lyuxPGr/Wfhrlem2CL/UcnUc1zcqKAImBDzukY7Y5F/yQiNdko6+fRLevlw1HgMySw7f611UIY408EtxRSoK3Q=="
  "resolved" "https://registry.npmjs.org/loose-envify/-/loose-envify-1.4.0.tgz"
  "version" "1.4.0"
  dependencies:
    "js-tokens" "^3.0.0 || ^4.0.0"

"react-dom@^16.8 || ^17.0 || ^18.0", "react-dom@>=16.8.0":
  "integrity" "sha512-6IMTriUmvsjHUjNtEDudZfuDQUoWXVxKHhlEGSk81n4YFS+r/Kl99wXiwlVXtPBtJenozv2P+hxDsw9eA7Xo6g=="
  "resolved" "https://registry.npmjs.org/react-dom/-/react-dom-18.2.0.tgz"
  "version" "18.2.0"
  dependencies:
    "loose-envify" "^1.1.0"
    "scheduler" "^0.23.0"

"react-remove-scroll-bar@^2.3.3":
  "integrity" "sha512-63C4YQBUt0m6ALadE9XV56hV8BgJWDmmTPY758iIJjfQKt2nYwoUrPk0LXRXcB/yIj82T1/Ixfdpdk68LwIB0A=="
  "resolved" "https://registry.npmjs.org/react-remove-scroll-bar/-/react-remove-scroll-bar-2.3.4.tgz"
  "version" "2.3.4"
  dependencies:
    "react-style-singleton" "^2.2.1"
    "tslib" "^2.0.0"

"react-remove-scroll@2.5.5":
  "integrity" "sha512-ImKhrzJJsyXJfBZ4bzu8Bwpka14c/fQt0k+cyFp/PBhTfyDnU5hjOtM4AG/0AMyy8oKzOTR0lDgJIM7pYXI0kw=="
  "resolved" "https://registry.npmjs.org/react-remove-scroll/-/react-remove-scroll-2.5.5.tgz"
  "version" "2.5.5"
  dependencies:
    "react-remove-scroll-bar" "^2.3.3"
    "react-style-singleton" "^2.2.1"
    "tslib" "^2.1.0"
    "use-callback-ref" "^1.3.0"
    "use-sidecar" "^1.1.2"

"react-style-singleton@^2.2.1":
  "integrity" "sha512-ZWj0fHEMyWkHzKYUr2Bs/4zU6XLmq9HsgBURm7g5pAVfyn49DgUiNgY2d4lXRlYSiCif9YBGpQleewkcqddc7g=="
  "resolved" "https://registry.npmjs.org/react-style-singleton/-/react-style-singleton-2.2.1.tgz"
  "version" "2.2.1"
  dependencies:
    "get-nonce" "^1.0.0"
    "invariant" "^2.2.4"
    "tslib" "^2.0.0"

"react@^16.8 || ^17.0 || ^18.0", "react@^16.8.0 || ^17.0.0 || ^18.0.0", "react@^18.2.0", "react@>=16.8.0":
  "integrity" "sha512-/3IjMdb2L9QbBdWiW5e3P2/npwMBaU9mHCSCUzNln0ZCYbcfTsGbTJrU/kGemdH2IWmB2ioZ+zkxtmq6g09fGQ=="
  "resolved" "https://registry.npmjs.org/react/-/react-18.2.0.tgz"
  "version" "18.2.0"
  dependencies:
    "loose-envify" "^1.1.0"

"regenerator-runtime@^0.14.0":
  "integrity" "sha512-srw17NI0TUWHuGa5CFGGmhfNIeja30WMBfbslPNhf6JrqQlLN5gcrvig1oqPxiVaXb0oW0XRKtH6Nngs5lKCIA=="
  "resolved" "https://registry.npmjs.org/regenerator-runtime/-/regenerator-runtime-0.14.0.tgz"
  "version" "0.14.0"

"scheduler@^0.23.0":
  "integrity" "sha512-CtuThmgHNg7zIZWAXi3AsyIzA3n4xx7aNyjwC2VJldO2LMVDhFK+63xGqq6CsJH4rTAt6/M+N4GhZiDYPx9eUw=="
  "resolved" "https://registry.npmjs.org/scheduler/-/scheduler-0.23.0.tgz"
  "version" "0.23.0"
  dependencies:
    "loose-envify" "^1.1.0"

"tslib@^2.0.0", "tslib@^2.1.0":
  "integrity" "sha512-AEYxH93jGFPn/a2iVAwW87VuUIkR1FVUKB77NwMF7nBTDkDrrT/Hpt/IrCJ0QXhW27jTBDcf5ZY7w6RiqTMw2Q=="
  "resolved" "https://registry.npmjs.org/tslib/-/tslib-2.6.2.tgz"
  "version" "2.6.2"

"tslib@2.4.0":
  "integrity" "sha512-d6xOpEDfsi2CZVlPQzGeux8XMwLT9hssAsaPYExaQMuYskwb+x1x7J371tWlbBdWHroy99KnVB6qIkUbs5X3UQ=="
  "resolved" "https://registry.npmjs.org/tslib/-/tslib-2.4.0.tgz"
  "version" "2.4.0"

"use-callback-ref@^1.3.0":
  "integrity" "sha512-3FT9PRuRdbB9HfXhEq35u4oZkvpJ5kuYbpqhCfmiZyReuRgpnhDlbr2ZEnnuS0RrJAPn6l23xjFg9kpDM+Ms7w=="
  "resolved" "https://registry.npmjs.org/use-callback-ref/-/use-callback-ref-1.3.0.tgz"
  "version" "1.3.0"
  dependencies:
    "tslib" "^2.0.0"

"use-sidecar@^1.1.2":
  "integrity" "sha512-epTbsLuzZ7lPClpz2TyryBfztm7m+28DlEv2ZCQ3MDr5ssiwyOwGH/e5F9CkfWjJ1t4clvI58yF822/GUkjjhw=="
  "resolved" "https://registry.npmjs.org/use-sidecar/-/use-sidecar-1.1.2.tgz"
  "version" "1.1.2"
  dependencies:
    "detect-node-es" "^1.1.0"
    "tslib" "^2.0.0"

"ws@8.5.0":
  "integrity" "sha512-BWX0SWVgLPzYwF8lTzEy1egjhS4S4OEAHfsO8o65WOVsrnSRGaSiUaa9e0ggGlkMTtBlmOpEXiie9RUcBO86qg=="
  "resolved" "https://registry.npmjs.org/ws/-/ws-8.5.0.tgz"
  "version" "8.5.0"
